
Microsoft Visual Studio Solution File, Format Version 12.00
# Visual Studio Version 16
VisualStudioVersion = 16.0.30907.101
MinimumVisualStudioVersion = 10.0.40219.1
Project("{FAE04EC0-301F-11D3-BF4B-00C04F79EFBC}") = "Booking", "Booking\Booking.csproj", "{59F98ABA-BE25-48EE-AD27-F42B6636CD9A}"
EndProject
Global
	GlobalSection(SolutionConfigurationPlatforms) = preSolution
		Debug|Any CPU = Debug|Any CPU
		Release|Any CPU = Release|Any CPU
	EndGlobalSection
	GlobalSection(ProjectConfigurationPlatforms) = postSolution
		{59F98ABA-BE25-48EE-AD27-F42B6636CD9A}.Debug|Any CPU.ActiveCfg = Debug|Any CPU
		{59F98ABA-BE25-48EE-AD27-F42B6636CD9A}.Debug|Any CPU.Build.0 = Debug|Any CPU
		{59F98ABA-BE25-48EE-AD27-F42B6636CD9A}.Release|Any CPU.ActiveCfg = Release|Any CPU
		{59F98ABA-BE25-48EE-AD27-F42B6636CD9A}.Release|Any CPU.Build.0 = Release|Any CPU
	EndGlobalSection
	GlobalSection(SolutionProperties) = preSolution
		HideSolutionNode = FALSE
	EndGlobalSection
	GlobalSection(ExtensibilityGlobals) = postSolution
		SolutionGuid = {22284F03-F7B4-435E-A44A-00A3C3BCD8EF}
	EndGlobalSection
EndGlobal
